# THIS IS AN AUTOGENERATED FILE. DO NOT EDIT THIS FILE DIRECTLY.
# yarn lockfile v1


async-validator@^3.5.2:
  version "3.5.2"
  resolved "https://registry.nlark.com/async-validator/download/async-validator-3.5.2.tgz#68e866a96824e8b2694ff7a831c1a25c44d5e500"
  integrity sha1-aOhmqWgk6LJpT/eoMcGiXETV5QA=
